
Microsoft Visual Studio Solution File, Format Version 12.00
# Visual Studio Version 17
VisualStudioVersion = 17.9.34616.47
MinimumVisualStudioVersion = 10.0.40219.1
Project("{FAE04EC0-301F-11D3-BF4B-00C04F79EFBC}") = "POS for GRP3", "POS for GRP3\POS for GRP3.csproj", "{000795E3-BFA5-46FF-B479-FD7343D21402}"
EndProject
Global
	GlobalSection(SolutionConfigurationPlatforms) = preSolution
		Debug|Any CPU = Debug|Any CPU
		Release|Any CPU = Release|Any CPU
	EndGlobalSection
	GlobalSection(ProjectConfigurationPlatforms) = postSolution
		{000795E3-BFA5-46FF-B479-FD7343D21402}.Debug|Any CPU.ActiveCfg = Debug|Any CPU
		{000795E3-BFA5-46FF-B479-FD7343D21402}.Debug|Any CPU.Build.0 = Debug|Any CPU
		{000795E3-BFA5-46FF-B479-FD7343D21402}.Release|Any CPU.ActiveCfg = Release|Any CPU
		{000795E3-BFA5-46FF-B479-FD7343D21402}.Release|Any CPU.Build.0 = Release|Any CPU
	EndGlobalSection
	GlobalSection(SolutionProperties) = preSolution
		HideSolutionNode = FALSE
	EndGlobalSection
	GlobalSection(ExtensibilityGlobals) = postSolution
		SolutionGuid = {668FAAD1-AD8E-45D0-9472-A5106E568B47}
	EndGlobalSection
EndGlobal
